
Microsoft Visual Studio Solution File, Format Version 12.00
# Visual Studio 15
Project("{FAE04EC0-301F-11D3-BF4B-00C04F79EFBC}") = "ArsenalBuddy.Android", "ArsenalBuddy.Android\ArsenalBuddy.Android.csproj", "{C447D12F-EC42-4449-A989-F5AFF1CEC035}"
EndProject
Project("{FAE04EC0-301F-11D3-BF4B-00C04F79EFBC}") = "ArsenalBuddy.iOS", "ArsenalBuddy.iOS\ArsenalBuddy.iOS.csproj", "{B71BF7F6-B90C-4125-A2C7-5B93A4D608BF}"
EndProject
Project("{FAE04EC0-301F-11D3-BF4B-00C04F79EFBC}") = "ArsenalBuddy", "ArsenalBuddy\ArsenalBuddy.csproj", "{122089B8-7146-48A1-9D18-8FBD5E06650D}"
EndProject
Global
	GlobalSection(SolutionConfigurationPlatforms) = preSolution
		Debug|Any CPU = Debug|Any CPU
		Release|Any CPU = Release|Any CPU
		Debug|iPhoneSimulator = Debug|iPhoneSimulator
		Release|iPhoneSimulator = Release|iPhoneSimulator
		Debug|iPhone = Debug|iPhone
		Release|iPhone = Release|iPhone
	EndGlobalSection
	GlobalSection(ProjectConfigurationPlatforms) = postSolution
		{C447D12F-EC42-4449-A989-F5AFF1CEC035}.Debug|Any CPU.ActiveCfg = Debug|Any CPU
		{C447D12F-EC42-4449-A989-F5AFF1CEC035}.Debug|Any CPU.Build.0 = Debug|Any CPU
		{C447D12F-EC42-4449-A989-F5AFF1CEC035}.Release|Any CPU.ActiveCfg = Release|Any CPU
		{C447D12F-EC42-4449-A989-F5AFF1CEC035}.Release|Any CPU.Build.0 = Release|Any CPU
		{C447D12F-EC42-4449-A989-F5AFF1CEC035}.Debug|iPhoneSimulator.ActiveCfg = Debug|Any CPU
		{C447D12F-EC42-4449-A989-F5AFF1CEC035}.Debug|iPhoneSimulator.Build.0 = Debug|Any CPU
		{C447D12F-EC42-4449-A989-F5AFF1CEC035}.Release|iPhoneSimulator.ActiveCfg = Release|Any CPU
		{C447D12F-EC42-4449-A989-F5AFF1CEC035}.Release|iPhoneSimulator.Build.0 = Release|Any CPU
		{C447D12F-EC42-4449-A989-F5AFF1CEC035}.Debug|iPhone.ActiveCfg = Debug|Any CPU
		{C447D12F-EC42-4449-A989-F5AFF1CEC035}.Debug|iPhone.Build.0 = Debug|Any CPU
		{C447D12F-EC42-4449-A989-F5AFF1CEC035}.Release|iPhone.ActiveCfg = Release|Any CPU
		{C447D12F-EC42-4449-A989-F5AFF1CEC035}.Release|iPhone.Build.0 = Release|Any CPU
		{B71BF7F6-B90C-4125-A2C7-5B93A4D608BF}.Debug|Any CPU.ActiveCfg = Debug|iPhoneSimulator
		{B71BF7F6-B90C-4125-A2C7-5B93A4D608BF}.Debug|Any CPU.Build.0 = Debug|iPhoneSimulator
		{B71BF7F6-B90C-4125-A2C7-5B93A4D608BF}.Release|Any CPU.ActiveCfg = Release|iPhoneSimulator
		{B71BF7F6-B90C-4125-A2C7-5B93A4D608BF}.Release|Any CPU.Build.0 = Release|iPhoneSimulator
		{B71BF7F6-B90C-4125-A2C7-5B93A4D608BF}.Debug|iPhoneSimulator.ActiveCfg = Debug|iPhoneSimulator
		{B71BF7F6-B90C-4125-A2C7-5B93A4D608BF}.Debug|iPhoneSimulator.Build.0 = Debug|iPhoneSimulator
		{B71BF7F6-B90C-4125-A2C7-5B93A4D608BF}.Release|iPhoneSimulator.ActiveCfg = Release|iPhoneSimulator
		{B71BF7F6-B90C-4125-A2C7-5B93A4D608BF}.Release|iPhoneSimulator.Build.0 = Release|iPhoneSimulator
		{B71BF7F6-B90C-4125-A2C7-5B93A4D608BF}.Debug|iPhone.ActiveCfg = Debug|iPhone
		{B71BF7F6-B90C-4125-A2C7-5B93A4D608BF}.Debug|iPhone.Build.0 = Debug|iPhone
		{B71BF7F6-B90C-4125-A2C7-5B93A4D608BF}.Release|iPhone.ActiveCfg = Release|iPhone
		{B71BF7F6-B90C-4125-A2C7-5B93A4D608BF}.Release|iPhone.Build.0 = Release|iPhone
		{122089B8-7146-48A1-9D18-8FBD5E06650D}.Debug|Any CPU.ActiveCfg = Debug|Any CPU
		{122089B8-7146-48A1-9D18-8FBD5E06650D}.Debug|Any CPU.Build.0 = Debug|Any CPU
		{122089B8-7146-48A1-9D18-8FBD5E06650D}.Release|Any CPU.ActiveCfg = Release|Any CPU
		{122089B8-7146-48A1-9D18-8FBD5E06650D}.Release|Any CPU.Build.0 = Release|Any CPU
		{122089B8-7146-48A1-9D18-8FBD5E06650D}.Debug|iPhoneSimulator.ActiveCfg = Debug|Any CPU
		{122089B8-7146-48A1-9D18-8FBD5E06650D}.Debug|iPhoneSimulator.Build.0 = Debug|Any CPU
		{122089B8-7146-48A1-9D18-8FBD5E06650D}.Release|iPhoneSimulator.ActiveCfg = Release|Any CPU
		{122089B8-7146-48A1-9D18-8FBD5E06650D}.Release|iPhoneSimulator.Build.0 = Release|Any CPU
		{122089B8-7146-48A1-9D18-8FBD5E06650D}.Debug|iPhone.ActiveCfg = Debug|Any CPU
		{122089B8-7146-48A1-9D18-8FBD5E06650D}.Debug|iPhone.Build.0 = Debug|Any CPU
		{122089B8-7146-48A1-9D18-8FBD5E06650D}.Release|iPhone.ActiveCfg = Release|Any CPU
		{122089B8-7146-48A1-9D18-8FBD5E06650D}.Release|iPhone.Build.0 = Release|Any CPU
	EndGlobalSection
EndGlobal
